
Microsoft Visual Studio Solution File, Format Version 12.00
# Visual Studio Version 17
VisualStudioVersion = 17.3.32901.215
MinimumVisualStudioVersion = 10.0.40219.1
Project("{FAE04EC0-301F-11D3-BF4B-00C04F79EFBC}") = "name_list", "name_list\name_list.csproj", "{8533D4CD-671C-4EE3-AB3B-7959722FA0F8}"
EndProject
Global
	GlobalSection(SolutionConfigurationPlatforms) = preSolution
		Debug|Any CPU = Debug|Any CPU
		Release|Any CPU = Release|Any CPU
	EndGlobalSection
	GlobalSection(ProjectConfigurationPlatforms) = postSolution
		{8533D4CD-671C-4EE3-AB3B-7959722FA0F8}.Debug|Any CPU.ActiveCfg = Debug|Any CPU
		{8533D4CD-671C-4EE3-AB3B-7959722FA0F8}.Debug|Any CPU.Build.0 = Debug|Any CPU
		{8533D4CD-671C-4EE3-AB3B-7959722FA0F8}.Release|Any CPU.ActiveCfg = Release|Any CPU
		{8533D4CD-671C-4EE3-AB3B-7959722FA0F8}.Release|Any CPU.Build.0 = Release|Any CPU
	EndGlobalSection
	GlobalSection(SolutionProperties) = preSolution
		HideSolutionNode = FALSE
	EndGlobalSection
	GlobalSection(ExtensibilityGlobals) = postSolution
		SolutionGuid = {A9C583E8-789F-4132-9DA9-F37E4FD14FAE}
	EndGlobalSection
EndGlobal
