
Microsoft Visual Studio Solution File, Format Version 12.00
# Visual Studio Version 17
VisualStudioVersion = 17.3.32901.215
MinimumVisualStudioVersion = 10.0.40219.1
Project("{FAE04EC0-301F-11D3-BF4B-00C04F79EFBC}") = "Bank", "Bank\Bank.csproj", "{EB79419C-707B-4F86-B03A-344426F322A3}"
EndProject
Project("{FAE04EC0-301F-11D3-BF4B-00C04F79EFBC}") = "Boney", "Boney\Boney.csproj", "{6A5B815D-C1BF-4CF4-AD78-8A34C307691B}"
EndProject
Project("{FAE04EC0-301F-11D3-BF4B-00C04F79EFBC}") = "Client", "Client\Client.csproj", "{FAB7D9CF-3A17-48F8-A400-8C5786A8DD53}"
EndProject
Project("{FAE04EC0-301F-11D3-BF4B-00C04F79EFBC}") = "PuppetMaster", "PuppetMaster\PuppetMaster.csproj", "{1DDC5970-95AE-42EB-865E-8FACDE37B179}"
EndProject
Global
	GlobalSection(SolutionConfigurationPlatforms) = preSolution
		Debug|Any CPU = Debug|Any CPU
		Release|Any CPU = Release|Any CPU
	EndGlobalSection
	GlobalSection(ProjectConfigurationPlatforms) = postSolution
		{EB79419C-707B-4F86-B03A-344426F322A3}.Debug|Any CPU.ActiveCfg = Debug|Any CPU
		{EB79419C-707B-4F86-B03A-344426F322A3}.Debug|Any CPU.Build.0 = Debug|Any CPU
		{EB79419C-707B-4F86-B03A-344426F322A3}.Release|Any CPU.ActiveCfg = Release|Any CPU
		{EB79419C-707B-4F86-B03A-344426F322A3}.Release|Any CPU.Build.0 = Release|Any CPU
		{6A5B815D-C1BF-4CF4-AD78-8A34C307691B}.Debug|Any CPU.ActiveCfg = Debug|Any CPU
		{6A5B815D-C1BF-4CF4-AD78-8A34C307691B}.Debug|Any CPU.Build.0 = Debug|Any CPU
		{6A5B815D-C1BF-4CF4-AD78-8A34C307691B}.Release|Any CPU.ActiveCfg = Release|Any CPU
		{6A5B815D-C1BF-4CF4-AD78-8A34C307691B}.Release|Any CPU.Build.0 = Release|Any CPU
		{FAB7D9CF-3A17-48F8-A400-8C5786A8DD53}.Debug|Any CPU.ActiveCfg = Debug|Any CPU
		{FAB7D9CF-3A17-48F8-A400-8C5786A8DD53}.Debug|Any CPU.Build.0 = Debug|Any CPU
		{FAB7D9CF-3A17-48F8-A400-8C5786A8DD53}.Release|Any CPU.ActiveCfg = Release|Any CPU
		{FAB7D9CF-3A17-48F8-A400-8C5786A8DD53}.Release|Any CPU.Build.0 = Release|Any CPU
		{1DDC5970-95AE-42EB-865E-8FACDE37B179}.Debug|Any CPU.ActiveCfg = Debug|Any CPU
		{1DDC5970-95AE-42EB-865E-8FACDE37B179}.Debug|Any CPU.Build.0 = Debug|Any CPU
		{1DDC5970-95AE-42EB-865E-8FACDE37B179}.Release|Any CPU.ActiveCfg = Release|Any CPU
		{1DDC5970-95AE-42EB-865E-8FACDE37B179}.Release|Any CPU.Build.0 = Release|Any CPU
	EndGlobalSection
	GlobalSection(SolutionProperties) = preSolution
		HideSolutionNode = FALSE
	EndGlobalSection
	GlobalSection(ExtensibilityGlobals) = postSolution
		SolutionGuid = {56C8598B-7FF7-475A-9FDB-0606E63FEFF8}
	EndGlobalSection
EndGlobal
