
Microsoft Visual Studio Solution File, Format Version 12.00
# Visual Studio Version 17
VisualStudioVersion = 17.3.32901.215
MinimumVisualStudioVersion = 10.0.40219.1
Project("{FAE04EC0-301F-11D3-BF4B-00C04F79EFBC}") = "hello_world", "hello_world\hello_world.csproj", "{91370BFB-4AAE-45F5-8A04-E41E63FD77E8}"
EndProject
Global
	GlobalSection(SolutionConfigurationPlatforms) = preSolution
		Debug|Any CPU = Debug|Any CPU
		Release|Any CPU = Release|Any CPU
	EndGlobalSection
	GlobalSection(ProjectConfigurationPlatforms) = postSolution
		{91370BFB-4AAE-45F5-8A04-E41E63FD77E8}.Debug|Any CPU.ActiveCfg = Debug|Any CPU
		{91370BFB-4AAE-45F5-8A04-E41E63FD77E8}.Debug|Any CPU.Build.0 = Debug|Any CPU
		{91370BFB-4AAE-45F5-8A04-E41E63FD77E8}.Release|Any CPU.ActiveCfg = Release|Any CPU
		{91370BFB-4AAE-45F5-8A04-E41E63FD77E8}.Release|Any CPU.Build.0 = Release|Any CPU
	EndGlobalSection
	GlobalSection(SolutionProperties) = preSolution
		HideSolutionNode = FALSE
	EndGlobalSection
	GlobalSection(ExtensibilityGlobals) = postSolution
		SolutionGuid = {73DC26C8-E1FD-4D51-AF51-3E12ABEBED47}
	EndGlobalSection
EndGlobal
