
Microsoft Visual Studio Solution File, Format Version 12.00
# Visual Studio Version 16
VisualStudioVersion = 16.0.30503.244
MinimumVisualStudioVersion = 10.0.40219.1
Project("{FAE04EC0-301F-11D3-BF4B-00C04F79EFBC}") = "ChatServer", "ChatServer\ChatServer.csproj", "{EE6F5E14-2499-4A5D-8223-C89F63C61BC1}"
EndProject
Project("{FAE04EC0-301F-11D3-BF4B-00C04F79EFBC}") = "ChatClient", "ChatClient\ChatClient.csproj", "{BE9389C4-37DD-4734-AF3F-AB510D2FC719}"
EndProject
Global
	GlobalSection(SolutionConfigurationPlatforms) = preSolution
		Debug|Any CPU = Debug|Any CPU
		Release|Any CPU = Release|Any CPU
	EndGlobalSection
	GlobalSection(ProjectConfigurationPlatforms) = postSolution
		{EE6F5E14-2499-4A5D-8223-C89F63C61BC1}.Debug|Any CPU.ActiveCfg = Debug|Any CPU
		{EE6F5E14-2499-4A5D-8223-C89F63C61BC1}.Debug|Any CPU.Build.0 = Debug|Any CPU
		{EE6F5E14-2499-4A5D-8223-C89F63C61BC1}.Release|Any CPU.ActiveCfg = Release|Any CPU
		{EE6F5E14-2499-4A5D-8223-C89F63C61BC1}.Release|Any CPU.Build.0 = Release|Any CPU
		{BE9389C4-37DD-4734-AF3F-AB510D2FC719}.Debug|Any CPU.ActiveCfg = Debug|Any CPU
		{BE9389C4-37DD-4734-AF3F-AB510D2FC719}.Debug|Any CPU.Build.0 = Debug|Any CPU
		{BE9389C4-37DD-4734-AF3F-AB510D2FC719}.Release|Any CPU.ActiveCfg = Release|Any CPU
		{BE9389C4-37DD-4734-AF3F-AB510D2FC719}.Release|Any CPU.Build.0 = Release|Any CPU
	EndGlobalSection
	GlobalSection(SolutionProperties) = preSolution
		HideSolutionNode = FALSE
	EndGlobalSection
	GlobalSection(ExtensibilityGlobals) = postSolution
		SolutionGuid = {5E5F79B2-A0B0-4222-8F15-D23CC11EA664}
	EndGlobalSection
EndGlobal
